
Microsoft Visual Studio Solution File, Format Version 12.00
# Visual Studio Version 17
VisualStudioVersion = 17.4.33122.133
MinimumVisualStudioVersion = 10.0.40219.1
Project("{FAE04EC0-301F-11D3-BF4B-00C04F79EFBC}") = "CleanArchitecture", "CleanArchitecture\CleanArchitecture.csproj", "{27DD0161-EF19-4236-A53C-BE4D5D40783C}"
EndProject
Project("{2150E333-8FDC-42A3-9474-1A3956D46DE8}") = "src", "src", "{E67367A5-8D67-4FAE-B360-F7C4C1092EC6}"
EndProject
Project("{2150E333-8FDC-42A3-9474-1A3956D46DE8}") = "tests", "tests", "{E015141F-F73A-4DAD-9BE8-1F372AF4367C}"
EndProject
Global
	GlobalSection(SolutionConfigurationPlatforms) = preSolution
		Debug|Any CPU = Debug|Any CPU
		Release|Any CPU = Release|Any CPU
	EndGlobalSection
	GlobalSection(ProjectConfigurationPlatforms) = postSolution
		{27DD0161-EF19-4236-A53C-BE4D5D40783C}.Debug|Any CPU.ActiveCfg = Debug|Any CPU
		{27DD0161-EF19-4236-A53C-BE4D5D40783C}.Debug|Any CPU.Build.0 = Debug|Any CPU
		{27DD0161-EF19-4236-A53C-BE4D5D40783C}.Release|Any CPU.ActiveCfg = Release|Any CPU
		{27DD0161-EF19-4236-A53C-BE4D5D40783C}.Release|Any CPU.Build.0 = Release|Any CPU
	EndGlobalSection
	GlobalSection(SolutionProperties) = preSolution
		HideSolutionNode = FALSE
	EndGlobalSection
	GlobalSection(NestedProjects) = preSolution
		{27DD0161-EF19-4236-A53C-BE4D5D40783C} = {E67367A5-8D67-4FAE-B360-F7C4C1092EC6}
	EndGlobalSection
	GlobalSection(ExtensibilityGlobals) = postSolution
		SolutionGuid = {5F85A3EE-7CD0-47BA-BA06-8AEA43A7434A}
	EndGlobalSection
EndGlobal
